
Microsoft Visual Studio Solution File, Format Version 12.00
# Visual Studio Version 16
VisualStudioVersion = 16.0.29709.97
MinimumVisualStudioVersion = 10.0.40219.1
Project("{FAE04EC0-301F-11D3-BF4B-00C04F79EFBC}") = "TriProblem", "TriProblem\TriProblem.csproj", "{B1EEC9FE-ECFF-40B4-A32B-1ABAB27D57A3}"
EndProject
Global
	GlobalSection(SolutionConfigurationPlatforms) = preSolution
		Debug|Any CPU = Debug|Any CPU
		Release|Any CPU = Release|Any CPU
	EndGlobalSection
	GlobalSection(ProjectConfigurationPlatforms) = postSolution
		{B1EEC9FE-ECFF-40B4-A32B-1ABAB27D57A3}.Debug|Any CPU.ActiveCfg = Debug|Any CPU
		{B1EEC9FE-ECFF-40B4-A32B-1ABAB27D57A3}.Debug|Any CPU.Build.0 = Debug|Any CPU
		{B1EEC9FE-ECFF-40B4-A32B-1ABAB27D57A3}.Release|Any CPU.ActiveCfg = Release|Any CPU
		{B1EEC9FE-ECFF-40B4-A32B-1ABAB27D57A3}.Release|Any CPU.Build.0 = Release|Any CPU
	EndGlobalSection
	GlobalSection(SolutionProperties) = preSolution
		HideSolutionNode = FALSE
	EndGlobalSection
	GlobalSection(ExtensibilityGlobals) = postSolution
		SolutionGuid = {E555B53D-2DFB-413C-9DA2-9EA1C6072653}
	EndGlobalSection
EndGlobal
